
Microsoft Visual Studio Solution File, Format Version 12.00
# Visual Studio Version 16
VisualStudioVersion = 16.0.30907.101
MinimumVisualStudioVersion = 10.0.40219.1
Project("{FAE04EC0-301F-11D3-BF4B-00C04F79EFBC}") = "WebApplication1", "WebApplication1\WebApplication1.csproj", "{B1B18870-F2FC-4505-BD1D-E20797403576}"
EndProject
Global
	GlobalSection(SolutionConfigurationPlatforms) = preSolution
		Debug|Any CPU = Debug|Any CPU
		Release|Any CPU = Release|Any CPU
	EndGlobalSection
	GlobalSection(ProjectConfigurationPlatforms) = postSolution
		{B1B18870-F2FC-4505-BD1D-E20797403576}.Debug|Any CPU.ActiveCfg = Debug|Any CPU
		{B1B18870-F2FC-4505-BD1D-E20797403576}.Debug|Any CPU.Build.0 = Debug|Any CPU
		{B1B18870-F2FC-4505-BD1D-E20797403576}.Release|Any CPU.ActiveCfg = Release|Any CPU
		{B1B18870-F2FC-4505-BD1D-E20797403576}.Release|Any CPU.Build.0 = Release|Any CPU
	EndGlobalSection
	GlobalSection(SolutionProperties) = preSolution
		HideSolutionNode = FALSE
	EndGlobalSection
	GlobalSection(ExtensibilityGlobals) = postSolution
		SolutionGuid = {B1C76D89-522A-4F96-B1CF-58754289ABC7}
	EndGlobalSection
EndGlobal
