
Microsoft Visual Studio Solution File, Format Version 12.00
# Visual Studio Version 16
VisualStudioVersion = 16.0.30907.101
MinimumVisualStudioVersion = 10.0.40219.1
Project("{FAE04EC0-301F-11D3-BF4B-00C04F79EFBC}") = "CacheDemo", "CacheDemo\CacheDemo.csproj", "{87B66458-98D3-4A6E-955F-A64282A0995F}"
EndProject
Global
	GlobalSection(SolutionConfigurationPlatforms) = preSolution
		Debug|Any CPU = Debug|Any CPU
		Release|Any CPU = Release|Any CPU
	EndGlobalSection
	GlobalSection(ProjectConfigurationPlatforms) = postSolution
		{87B66458-98D3-4A6E-955F-A64282A0995F}.Debug|Any CPU.ActiveCfg = Debug|Any CPU
		{87B66458-98D3-4A6E-955F-A64282A0995F}.Debug|Any CPU.Build.0 = Debug|Any CPU
		{87B66458-98D3-4A6E-955F-A64282A0995F}.Release|Any CPU.ActiveCfg = Release|Any CPU
		{87B66458-98D3-4A6E-955F-A64282A0995F}.Release|Any CPU.Build.0 = Release|Any CPU
	EndGlobalSection
	GlobalSection(SolutionProperties) = preSolution
		HideSolutionNode = FALSE
	EndGlobalSection
	GlobalSection(ExtensibilityGlobals) = postSolution
		SolutionGuid = {8C7D55D2-CCCF-4132-ABDB-517D8741A86D}
	EndGlobalSection
EndGlobal
