
Microsoft Visual Studio Solution File, Format Version 12.00
# Visual Studio Version 16
VisualStudioVersion = 16.0.30406.217
MinimumVisualStudioVersion = 10.0.40219.1
Project("{9A19103F-16F7-4668-BE54-9A1E7A4F7556}") = "WorkingWithData", "WorkingWithData\WorkingWithData.csproj", "{72660C75-DD6F-4E49-BD73-0EAE737694DA}"
EndProject
Project("{FAE04EC0-301F-11D3-BF4B-00C04F79EFBC}") = "PostGreetest", "PostGreetest\PostGreetest.csproj", "{9CCE4569-D869-46DF-9AA7-7D295F18CA6B}"
EndProject
Global
	GlobalSection(SolutionConfigurationPlatforms) = preSolution
		Debug|Any CPU = Debug|Any CPU
		Release|Any CPU = Release|Any CPU
	EndGlobalSection
	GlobalSection(ProjectConfigurationPlatforms) = postSolution
		{72660C75-DD6F-4E49-BD73-0EAE737694DA}.Debug|Any CPU.ActiveCfg = Debug|Any CPU
		{72660C75-DD6F-4E49-BD73-0EAE737694DA}.Debug|Any CPU.Build.0 = Debug|Any CPU
		{72660C75-DD6F-4E49-BD73-0EAE737694DA}.Release|Any CPU.ActiveCfg = Release|Any CPU
		{72660C75-DD6F-4E49-BD73-0EAE737694DA}.Release|Any CPU.Build.0 = Release|Any CPU
		{9CCE4569-D869-46DF-9AA7-7D295F18CA6B}.Debug|Any CPU.ActiveCfg = Debug|Any CPU
		{9CCE4569-D869-46DF-9AA7-7D295F18CA6B}.Debug|Any CPU.Build.0 = Debug|Any CPU
		{9CCE4569-D869-46DF-9AA7-7D295F18CA6B}.Release|Any CPU.ActiveCfg = Release|Any CPU
		{9CCE4569-D869-46DF-9AA7-7D295F18CA6B}.Release|Any CPU.Build.0 = Release|Any CPU
	EndGlobalSection
	GlobalSection(SolutionProperties) = preSolution
		HideSolutionNode = FALSE
	EndGlobalSection
	GlobalSection(ExtensibilityGlobals) = postSolution
		SolutionGuid = {E5941D7F-2D8A-4074-AC6F-723ED7A7FD62}
	EndGlobalSection
EndGlobal
