
Microsoft Visual Studio Solution File, Format Version 12.00
# Visual Studio Version 16
VisualStudioVersion = 16.0.30907.101
MinimumVisualStudioVersion = 10.0.40219.1
Project("{9A19103F-16F7-4668-BE54-9A1E7A4F7556}") = "WebApi.Demo", "WebApi.Demo\WebApi.Demo.csproj", "{7A870BE6-D953-48D6-897B-2DFC8C74F54A}"
EndProject
Project("{2150E333-8FDC-42A3-9474-1A3956D46DE8}") = "Solution Items", "Solution Items", "{D99E63EC-BFC9-4985-934E-FFDA9883577D}"
	ProjectSection(SolutionItems) = preProject
		..\Readme.md = ..\Readme.md
	EndProjectSection
EndProject
Global
	GlobalSection(SolutionConfigurationPlatforms) = preSolution
		Debug|Any CPU = Debug|Any CPU
		Release|Any CPU = Release|Any CPU
	EndGlobalSection
	GlobalSection(ProjectConfigurationPlatforms) = postSolution
		{7A870BE6-D953-48D6-897B-2DFC8C74F54A}.Debug|Any CPU.ActiveCfg = Debug|Any CPU
		{7A870BE6-D953-48D6-897B-2DFC8C74F54A}.Debug|Any CPU.Build.0 = Debug|Any CPU
		{7A870BE6-D953-48D6-897B-2DFC8C74F54A}.Release|Any CPU.ActiveCfg = Release|Any CPU
		{7A870BE6-D953-48D6-897B-2DFC8C74F54A}.Release|Any CPU.Build.0 = Release|Any CPU
	EndGlobalSection
	GlobalSection(SolutionProperties) = preSolution
		HideSolutionNode = FALSE
	EndGlobalSection
	GlobalSection(ExtensibilityGlobals) = postSolution
		SolutionGuid = {51929B90-F027-412F-B494-904630CE3EED}
	EndGlobalSection
EndGlobal
