
Microsoft Visual Studio Solution File, Format Version 12.00
# Visual Studio Version 16
VisualStudioVersion = 16.0.30907.101
MinimumVisualStudioVersion = 10.0.40219.1
Project("{FAE04EC0-301F-11D3-BF4B-00C04F79EFBC}") = "CustomizeIdentityUser", "CustomizeIdentityUser\CustomizeIdentityUser.csproj", "{068E84D5-9713-4835-8819-F4D31CCDBD17}"
EndProject
Global
	GlobalSection(SolutionConfigurationPlatforms) = preSolution
		Debug|Any CPU = Debug|Any CPU
		Release|Any CPU = Release|Any CPU
	EndGlobalSection
	GlobalSection(ProjectConfigurationPlatforms) = postSolution
		{068E84D5-9713-4835-8819-F4D31CCDBD17}.Debug|Any CPU.ActiveCfg = Debug|Any CPU
		{068E84D5-9713-4835-8819-F4D31CCDBD17}.Debug|Any CPU.Build.0 = Debug|Any CPU
		{068E84D5-9713-4835-8819-F4D31CCDBD17}.Release|Any CPU.ActiveCfg = Release|Any CPU
		{068E84D5-9713-4835-8819-F4D31CCDBD17}.Release|Any CPU.Build.0 = Release|Any CPU
	EndGlobalSection
	GlobalSection(SolutionProperties) = preSolution
		HideSolutionNode = FALSE
	EndGlobalSection
	GlobalSection(ExtensibilityGlobals) = postSolution
		SolutionGuid = {BD1B49D8-1610-4F2C-B540-054127047E01}
	EndGlobalSection
EndGlobal
