
Microsoft Visual Studio Solution File, Format Version 12.00
# Visual Studio Version 16
VisualStudioVersion = 16.0.30907.101
MinimumVisualStudioVersion = 10.0.40219.1
Project("{FAE04EC0-301F-11D3-BF4B-00C04F79EFBC}") = "AnchorTagHelper", "AnchorTagHelper\AnchorTagHelper.csproj", "{8C2912F3-F8C7-4125-A3BD-73CBD8B478B1}"
EndProject
Global
	GlobalSection(SolutionConfigurationPlatforms) = preSolution
		Debug|Any CPU = Debug|Any CPU
		Release|Any CPU = Release|Any CPU
	EndGlobalSection
	GlobalSection(ProjectConfigurationPlatforms) = postSolution
		{8C2912F3-F8C7-4125-A3BD-73CBD8B478B1}.Debug|Any CPU.ActiveCfg = Debug|Any CPU
		{8C2912F3-F8C7-4125-A3BD-73CBD8B478B1}.Debug|Any CPU.Build.0 = Debug|Any CPU
		{8C2912F3-F8C7-4125-A3BD-73CBD8B478B1}.Release|Any CPU.ActiveCfg = Release|Any CPU
		{8C2912F3-F8C7-4125-A3BD-73CBD8B478B1}.Release|Any CPU.Build.0 = Release|Any CPU
	EndGlobalSection
	GlobalSection(SolutionProperties) = preSolution
		HideSolutionNode = FALSE
	EndGlobalSection
	GlobalSection(ExtensibilityGlobals) = postSolution
		SolutionGuid = {2158518A-8E04-4059-8EA3-F869981731DA}
	EndGlobalSection
EndGlobal
