
Microsoft Visual Studio Solution File, Format Version 12.00
# Visual Studio Version 16
VisualStudioVersion = 16.0.30907.101
MinimumVisualStudioVersion = 10.0.40219.1
Project("{9A19103F-16F7-4668-BE54-9A1E7A4F7556}") = "SignalRDemo", "SignalRDemo\SignalRDemo.csproj", "{12E0A437-06A2-44D2-8076-D4972BCAED6A}"
EndProject
Project("{9A19103F-16F7-4668-BE54-9A1E7A4F7556}") = "01. Polling", "01. Polling\01. Polling.csproj", "{70EB5073-ED7B-45C8-8913-3B3BB2F0247F}"
EndProject
Project("{9A19103F-16F7-4668-BE54-9A1E7A4F7556}") = "SharedLibrary", "SharedLibrary\SharedLibrary.csproj", "{D04DDB03-219F-465D-A3EC-62DCF296CBBC}"
EndProject
Project("{9A19103F-16F7-4668-BE54-9A1E7A4F7556}") = "02. LongPolling", "02. LongPolling\02. LongPolling.csproj", "{B30402BD-4D5C-41A2-8BF7-ACC2BE2FE027}"
EndProject
Project("{9A19103F-16F7-4668-BE54-9A1E7A4F7556}") = "03. ServerSentEvents", "03. ServerSentEvents\03. ServerSentEvents.csproj", "{25215963-42A1-42D0-8DCD-18AD549E3E97}"
EndProject
Project("{9A19103F-16F7-4668-BE54-9A1E7A4F7556}") = "04. WebSockets", "04. WebSockets\04. WebSockets.csproj", "{60233D7E-5CC2-4B53-9655-A3AAAAAD2AAD}"
EndProject
Project("{9A19103F-16F7-4668-BE54-9A1E7A4F7556}") = "SignalRDemo2", "SignalRDemo2\SignalRDemo2.csproj", "{6E6D44F6-7378-4653-AC9B-74FAA42DE21D}"
EndProject
Project("{9A19103F-16F7-4668-BE54-9A1E7A4F7556}") = "06. SignalRConsoleClient", "06. SignalRConsoleClient\06. SignalRConsoleClient.csproj", "{CC59263D-87A0-44A4-B939-9117C26C6A09}"
EndProject
Project("{FAE04EC0-301F-11D3-BF4B-00C04F79EFBC}") = "07. SignalRChat", "07. SignalRChat\07. SignalRChat.csproj", "{069E20AD-4AF7-4764-8E89-43B385ADAC6E}"
EndProject
Global
	GlobalSection(SolutionConfigurationPlatforms) = preSolution
		Debug|Any CPU = Debug|Any CPU
		Release|Any CPU = Release|Any CPU
	EndGlobalSection
	GlobalSection(ProjectConfigurationPlatforms) = postSolution
		{12E0A437-06A2-44D2-8076-D4972BCAED6A}.Debug|Any CPU.ActiveCfg = Debug|Any CPU
		{12E0A437-06A2-44D2-8076-D4972BCAED6A}.Debug|Any CPU.Build.0 = Debug|Any CPU
		{12E0A437-06A2-44D2-8076-D4972BCAED6A}.Release|Any CPU.ActiveCfg = Release|Any CPU
		{12E0A437-06A2-44D2-8076-D4972BCAED6A}.Release|Any CPU.Build.0 = Release|Any CPU
		{70EB5073-ED7B-45C8-8913-3B3BB2F0247F}.Debug|Any CPU.ActiveCfg = Debug|Any CPU
		{70EB5073-ED7B-45C8-8913-3B3BB2F0247F}.Debug|Any CPU.Build.0 = Debug|Any CPU
		{70EB5073-ED7B-45C8-8913-3B3BB2F0247F}.Release|Any CPU.ActiveCfg = Release|Any CPU
		{70EB5073-ED7B-45C8-8913-3B3BB2F0247F}.Release|Any CPU.Build.0 = Release|Any CPU
		{D04DDB03-219F-465D-A3EC-62DCF296CBBC}.Debug|Any CPU.ActiveCfg = Debug|Any CPU
		{D04DDB03-219F-465D-A3EC-62DCF296CBBC}.Debug|Any CPU.Build.0 = Debug|Any CPU
		{D04DDB03-219F-465D-A3EC-62DCF296CBBC}.Release|Any CPU.ActiveCfg = Release|Any CPU
		{D04DDB03-219F-465D-A3EC-62DCF296CBBC}.Release|Any CPU.Build.0 = Release|Any CPU
		{B30402BD-4D5C-41A2-8BF7-ACC2BE2FE027}.Debug|Any CPU.ActiveCfg = Debug|Any CPU
		{B30402BD-4D5C-41A2-8BF7-ACC2BE2FE027}.Debug|Any CPU.Build.0 = Debug|Any CPU
		{B30402BD-4D5C-41A2-8BF7-ACC2BE2FE027}.Release|Any CPU.ActiveCfg = Release|Any CPU
		{B30402BD-4D5C-41A2-8BF7-ACC2BE2FE027}.Release|Any CPU.Build.0 = Release|Any CPU
		{25215963-42A1-42D0-8DCD-18AD549E3E97}.Debug|Any CPU.ActiveCfg = Debug|Any CPU
		{25215963-42A1-42D0-8DCD-18AD549E3E97}.Debug|Any CPU.Build.0 = Debug|Any CPU
		{25215963-42A1-42D0-8DCD-18AD549E3E97}.Release|Any CPU.ActiveCfg = Release|Any CPU
		{25215963-42A1-42D0-8DCD-18AD549E3E97}.Release|Any CPU.Build.0 = Release|Any CPU
		{60233D7E-5CC2-4B53-9655-A3AAAAAD2AAD}.Debug|Any CPU.ActiveCfg = Debug|Any CPU
		{60233D7E-5CC2-4B53-9655-A3AAAAAD2AAD}.Debug|Any CPU.Build.0 = Debug|Any CPU
		{60233D7E-5CC2-4B53-9655-A3AAAAAD2AAD}.Release|Any CPU.ActiveCfg = Release|Any CPU
		{60233D7E-5CC2-4B53-9655-A3AAAAAD2AAD}.Release|Any CPU.Build.0 = Release|Any CPU
		{6E6D44F6-7378-4653-AC9B-74FAA42DE21D}.Debug|Any CPU.ActiveCfg = Debug|Any CPU
		{6E6D44F6-7378-4653-AC9B-74FAA42DE21D}.Debug|Any CPU.Build.0 = Debug|Any CPU
		{6E6D44F6-7378-4653-AC9B-74FAA42DE21D}.Release|Any CPU.ActiveCfg = Release|Any CPU
		{6E6D44F6-7378-4653-AC9B-74FAA42DE21D}.Release|Any CPU.Build.0 = Release|Any CPU
		{CC59263D-87A0-44A4-B939-9117C26C6A09}.Debug|Any CPU.ActiveCfg = Debug|Any CPU
		{CC59263D-87A0-44A4-B939-9117C26C6A09}.Debug|Any CPU.Build.0 = Debug|Any CPU
		{CC59263D-87A0-44A4-B939-9117C26C6A09}.Release|Any CPU.ActiveCfg = Release|Any CPU
		{CC59263D-87A0-44A4-B939-9117C26C6A09}.Release|Any CPU.Build.0 = Release|Any CPU
		{069E20AD-4AF7-4764-8E89-43B385ADAC6E}.Debug|Any CPU.ActiveCfg = Debug|Any CPU
		{069E20AD-4AF7-4764-8E89-43B385ADAC6E}.Debug|Any CPU.Build.0 = Debug|Any CPU
		{069E20AD-4AF7-4764-8E89-43B385ADAC6E}.Release|Any CPU.ActiveCfg = Release|Any CPU
		{069E20AD-4AF7-4764-8E89-43B385ADAC6E}.Release|Any CPU.Build.0 = Release|Any CPU
	EndGlobalSection
	GlobalSection(SolutionProperties) = preSolution
		HideSolutionNode = FALSE
	EndGlobalSection
	GlobalSection(ExtensibilityGlobals) = postSolution
		SolutionGuid = {D976EA48-9D5D-41E6-A55B-630C9191F517}
	EndGlobalSection
EndGlobal
