
Microsoft Visual Studio Solution File, Format Version 12.00
# Visual Studio Version 16
VisualStudioVersion = 16.0.30406.217
MinimumVisualStudioVersion = 10.0.40219.1
Project("{9A19103F-16F7-4668-BE54-9A1E7A4F7556}") = "TempDataDemo", "TempDataDemo\TempDataDemo.csproj", "{F882CA23-6BF3-4C44-B15C-E0A2C8F41E3A}"
EndProject
Project("{FAE04EC0-301F-11D3-BF4B-00C04F79EFBC}") = "TempDataDemo2", "TempDataDemo2\TempDataDemo2.csproj", "{D34F0EB5-61CB-4A9A-9D64-22A0CAEDBFFC}"
EndProject
Global
	GlobalSection(SolutionConfigurationPlatforms) = preSolution
		Debug|Any CPU = Debug|Any CPU
		Release|Any CPU = Release|Any CPU
	EndGlobalSection
	GlobalSection(ProjectConfigurationPlatforms) = postSolution
		{F882CA23-6BF3-4C44-B15C-E0A2C8F41E3A}.Debug|Any CPU.ActiveCfg = Debug|Any CPU
		{F882CA23-6BF3-4C44-B15C-E0A2C8F41E3A}.Debug|Any CPU.Build.0 = Debug|Any CPU
		{F882CA23-6BF3-4C44-B15C-E0A2C8F41E3A}.Release|Any CPU.ActiveCfg = Release|Any CPU
		{F882CA23-6BF3-4C44-B15C-E0A2C8F41E3A}.Release|Any CPU.Build.0 = Release|Any CPU
		{D34F0EB5-61CB-4A9A-9D64-22A0CAEDBFFC}.Debug|Any CPU.ActiveCfg = Debug|Any CPU
		{D34F0EB5-61CB-4A9A-9D64-22A0CAEDBFFC}.Debug|Any CPU.Build.0 = Debug|Any CPU
		{D34F0EB5-61CB-4A9A-9D64-22A0CAEDBFFC}.Release|Any CPU.ActiveCfg = Release|Any CPU
		{D34F0EB5-61CB-4A9A-9D64-22A0CAEDBFFC}.Release|Any CPU.Build.0 = Release|Any CPU
	EndGlobalSection
	GlobalSection(SolutionProperties) = preSolution
		HideSolutionNode = FALSE
	EndGlobalSection
	GlobalSection(ExtensibilityGlobals) = postSolution
		SolutionGuid = {BB71205B-5146-4A06-8816-B01FD0EF6B59}
	EndGlobalSection
EndGlobal
