
Microsoft Visual Studio Solution File, Format Version 12.00
# Visual Studio Version 16
VisualStudioVersion = 16.0.30406.217
MinimumVisualStudioVersion = 10.0.40219.1
Project("{FAE04EC0-301F-11D3-BF4B-00C04F79EFBC}") = "CarDealer.Web", "CarDealer.Web\CarDealer.Web.csproj", "{B3D62B22-734D-4334-8DE9-5879F22C5CFE}"
EndProject
Global
	GlobalSection(SolutionConfigurationPlatforms) = preSolution
		Debug|Any CPU = Debug|Any CPU
		Release|Any CPU = Release|Any CPU
	EndGlobalSection
	GlobalSection(ProjectConfigurationPlatforms) = postSolution
		{B3D62B22-734D-4334-8DE9-5879F22C5CFE}.Debug|Any CPU.ActiveCfg = Debug|Any CPU
		{B3D62B22-734D-4334-8DE9-5879F22C5CFE}.Debug|Any CPU.Build.0 = Debug|Any CPU
		{B3D62B22-734D-4334-8DE9-5879F22C5CFE}.Release|Any CPU.ActiveCfg = Release|Any CPU
		{B3D62B22-734D-4334-8DE9-5879F22C5CFE}.Release|Any CPU.Build.0 = Release|Any CPU
	EndGlobalSection
	GlobalSection(SolutionProperties) = preSolution
		HideSolutionNode = FALSE
	EndGlobalSection
	GlobalSection(ExtensibilityGlobals) = postSolution
		SolutionGuid = {BFEA986A-E8C7-46BC-A152-5E4C8DC09457}
	EndGlobalSection
EndGlobal
