
Microsoft Visual Studio Solution File, Format Version 12.00
# Visual Studio Version 16
VisualStudioVersion = 16.0.30907.101
MinimumVisualStudioVersion = 10.0.40219.1
Project("{FAE04EC0-301F-11D3-BF4B-00C04F79EFBC}") = "CustomizeMiddlewares", "CustomizeMiddlewares\CustomizeMiddlewares.csproj", "{ED090D11-19CC-4AF1-BB20-6E69812F3654}"
EndProject
Global
	GlobalSection(SolutionConfigurationPlatforms) = preSolution
		Debug|Any CPU = Debug|Any CPU
		Release|Any CPU = Release|Any CPU
	EndGlobalSection
	GlobalSection(ProjectConfigurationPlatforms) = postSolution
		{ED090D11-19CC-4AF1-BB20-6E69812F3654}.Debug|Any CPU.ActiveCfg = Debug|Any CPU
		{ED090D11-19CC-4AF1-BB20-6E69812F3654}.Debug|Any CPU.Build.0 = Debug|Any CPU
		{ED090D11-19CC-4AF1-BB20-6E69812F3654}.Release|Any CPU.ActiveCfg = Release|Any CPU
		{ED090D11-19CC-4AF1-BB20-6E69812F3654}.Release|Any CPU.Build.0 = Release|Any CPU
	EndGlobalSection
	GlobalSection(SolutionProperties) = preSolution
		HideSolutionNode = FALSE
	EndGlobalSection
	GlobalSection(ExtensibilityGlobals) = postSolution
		SolutionGuid = {9DD3BD56-EF99-46BF-94D9-E88CE53A3AF5}
	EndGlobalSection
EndGlobal
