
Microsoft Visual Studio Solution File, Format Version 12.00
# Visual Studio Version 16
VisualStudioVersion = 16.0.30907.101
MinimumVisualStudioVersion = 10.0.40219.1
Project("{FAE04EC0-301F-11D3-BF4B-00C04F79EFBC}") = "ConfigureJWTokenWithCredentials", "ConfigureJWTokenWithCredentials\ConfigureJWTokenWithCredentials.csproj", "{605CE433-CC0F-43BD-A393-AAE1A6589C2F}"
EndProject
Global
	GlobalSection(SolutionConfigurationPlatforms) = preSolution
		Debug|Any CPU = Debug|Any CPU
		Release|Any CPU = Release|Any CPU
	EndGlobalSection
	GlobalSection(ProjectConfigurationPlatforms) = postSolution
		{605CE433-CC0F-43BD-A393-AAE1A6589C2F}.Debug|Any CPU.ActiveCfg = Debug|Any CPU
		{605CE433-CC0F-43BD-A393-AAE1A6589C2F}.Debug|Any CPU.Build.0 = Debug|Any CPU
		{605CE433-CC0F-43BD-A393-AAE1A6589C2F}.Release|Any CPU.ActiveCfg = Release|Any CPU
		{605CE433-CC0F-43BD-A393-AAE1A6589C2F}.Release|Any CPU.Build.0 = Release|Any CPU
	EndGlobalSection
	GlobalSection(SolutionProperties) = preSolution
		HideSolutionNode = FALSE
	EndGlobalSection
	GlobalSection(ExtensibilityGlobals) = postSolution
		SolutionGuid = {2E6227E9-A1A9-4234-AA2C-BD459E783B9C}
	EndGlobalSection
EndGlobal
