
Microsoft Visual Studio Solution File, Format Version 12.00
# Visual Studio Version 16
VisualStudioVersion = 16.0.30907.101
MinimumVisualStudioVersion = 10.0.40219.1
Project("{FAE04EC0-301F-11D3-BF4B-00C04F79EFBC}") = "Messages.Web", "Messages.Web\Messages.Web.csproj", "{AAD479EC-8D7C-4BCC-A86D-24E341680D17}"
EndProject
Project("{FAE04EC0-301F-11D3-BF4B-00C04F79EFBC}") = "Messages.Data", "Messages.Data\Messages.Data.csproj", "{1C3E32D7-8897-4DEA-9C95-D379FE77D3D7}"
EndProject
Global
	GlobalSection(SolutionConfigurationPlatforms) = preSolution
		Debug|Any CPU = Debug|Any CPU
		Release|Any CPU = Release|Any CPU
	EndGlobalSection
	GlobalSection(ProjectConfigurationPlatforms) = postSolution
		{AAD479EC-8D7C-4BCC-A86D-24E341680D17}.Debug|Any CPU.ActiveCfg = Debug|Any CPU
		{AAD479EC-8D7C-4BCC-A86D-24E341680D17}.Debug|Any CPU.Build.0 = Debug|Any CPU
		{AAD479EC-8D7C-4BCC-A86D-24E341680D17}.Release|Any CPU.ActiveCfg = Release|Any CPU
		{AAD479EC-8D7C-4BCC-A86D-24E341680D17}.Release|Any CPU.Build.0 = Release|Any CPU
		{1C3E32D7-8897-4DEA-9C95-D379FE77D3D7}.Debug|Any CPU.ActiveCfg = Debug|Any CPU
		{1C3E32D7-8897-4DEA-9C95-D379FE77D3D7}.Debug|Any CPU.Build.0 = Debug|Any CPU
		{1C3E32D7-8897-4DEA-9C95-D379FE77D3D7}.Release|Any CPU.ActiveCfg = Release|Any CPU
		{1C3E32D7-8897-4DEA-9C95-D379FE77D3D7}.Release|Any CPU.Build.0 = Release|Any CPU
	EndGlobalSection
	GlobalSection(SolutionProperties) = preSolution
		HideSolutionNode = FALSE
	EndGlobalSection
	GlobalSection(ExtensibilityGlobals) = postSolution
		SolutionGuid = {67A68700-46FC-4EDE-8448-D3633F0FC4A1}
	EndGlobalSection
EndGlobal
